Microsoft Visual Studio Solution File, Format Version 12.00
# Visual Studio Version 17
VisualStudioVersion = 17.5.2.0
MinimumVisualStudioVersion = 10.0.40219.1
Project("{FAE04EC0-301F-11D3-BF4B-00C04F79EFBC}") = "Lab6b", "Lab6b.csproj", "{9F879848-8E75-7C7B-19DE-43ABCF6C497C}"
EndProject
Global
	GlobalSection(SolutionConfigurationPlatforms) = preSolution
		Debug|Any CPU = Debug|Any CPU
		Release|Any CPU = Release|Any CPU
	EndGlobalSection
	GlobalSection(ProjectConfigurationPlatforms) = postSolution
		{9F879848-8E75-7C7B-19DE-43ABCF6C497C}.Debug|Any CPU.ActiveCfg = Debug|Any CPU
		{9F879848-8E75-7C7B-19DE-43ABCF6C497C}.Debug|Any CPU.Build.0 = Debug|Any CPU
		{9F879848-8E75-7C7B-19DE-43ABCF6C497C}.Release|Any CPU.ActiveCfg = Release|Any CPU
		{9F879848-8E75-7C7B-19DE-43ABCF6C497C}.Release|Any CPU.Build.0 = Release|Any CPU
	EndGlobalSection
	GlobalSection(SolutionProperties) = preSolution
		HideSolutionNode = FALSE
	EndGlobalSection
	GlobalSection(ExtensibilityGlobals) = postSolution
		SolutionGuid = {8A820B63-4E24-4963-8F3C-61C9D374DF32}
	EndGlobalSection
EndGlobal
